
Microsoft Visual Studio Solution File, Format Version 12.00
# Visual Studio Version 17
VisualStudioVersion = 17.1.32421.90
MinimumVisualStudioVersion = 10.0.40219.1
Project("{9A19103F-16F7-4668-BE54-9A1E7A4F7556}") = "MyNews", "MyNews\MyNews.csproj", "{5F151BEA-DA39-4436-B441-3DD46A531E6D}"
EndProject
Global
	GlobalSection(SolutionConfigurationPlatforms) = preSolution
		Debug|Any CPU = Debug|Any CPU
		Release|Any CPU = Release|Any CPU
	EndGlobalSection
	GlobalSection(ProjectConfigurationPlatforms) = postSolution
		{5F151BEA-DA39-4436-B441-3DD46A531E6D}.Debug|Any CPU.ActiveCfg = Debug|Any CPU
		{5F151BEA-DA39-4436-B441-3DD46A531E6D}.Debug|Any CPU.Build.0 = Debug|Any CPU
		{5F151BEA-DA39-4436-B441-3DD46A531E6D}.Release|Any CPU.ActiveCfg = Release|Any CPU
		{5F151BEA-DA39-4436-B441-3DD46A531E6D}.Release|Any CPU.Build.0 = Release|Any CPU
	EndGlobalSection
	GlobalSection(SolutionProperties) = preSolution
		HideSolutionNode = FALSE
	EndGlobalSection
	GlobalSection(ExtensibilityGlobals) = postSolution
		SolutionGuid = {CC9CFB1E-1C36-4B21-B3C1-876966DE8A57}
	EndGlobalSection
EndGlobal
